// !$*UTF8*$!
{
	archiveVersion = 1;
	classes = {
	};
	objectVersion = 56;
	objects = {

/* Begin PBXBuildFile section */
		87B157EE2A55C404002AD283 /* AppDelegate.m in Sources */ = {isa = PBXBuildFile; fileRef = 87B157ED2A55C404002AD283 /* AppDelegate.m */; };
		87B157F12A55C404002AD283 /* SceneDelegate.m in Sources */ = {isa = PBXBuildFile; fileRef = 87B157F02A55C404002AD283 /* SceneDelegate.m */; };
		87B157F42A55C404002AD283 /* ViewController.m in Sources */ = {isa = PBXBuildFile; fileRef = 87B157F32A55C404002AD283 /* ViewController.m */; };
		87B157F72A55C404002AD283 /* Main.storyboard in Resources */ = {isa = PBXBuildFile; fileRef = 87B157F52A55C404002AD283 /* Main.storyboard */; };
		87B157FA2A55C404002AD283 /* LCProgessView.xcdatamodeld in Sources */ = {isa = PBXBuildFile; fileRef = 87B157F82A55C404002AD283 /* LCProgessView.xcdatamodeld */; };
		87B157FC2A55C40A002AD283 /* Assets.xcassets in Resources */ = {isa = PBXBuildFile; fileRef = 87B157FB2A55C40A002AD283 /* Assets.xcassets */; };
		87B157FF2A55C40A002AD283 /* LaunchScreen.storyboard in Resources */ = {isa = PBXBuildFile; fileRef = 87B157FD2A55C40A002AD283 /* LaunchScreen.storyboard */; };
		87B158022A55C40A002AD283 /* main.m in Sources */ = {isa = PBXBuildFile; fileRef = 87B158012A55C40A002AD283 /* main.m */; };
		87B1580C2A55C40A002AD283 /* LCProgessViewTests.m in Sources */ = {isa = PBXBuildFile; fileRef = 87B1580B2A55C40A002AD283 /* LCProgessViewTests.m */; };
		87B158162A55C40A002AD283 /* LCProgessViewUITests.m in Sources */ = {isa = PBXBuildFile; fileRef = 87B158152A55C40A002AD283 /* LCProgessViewUITests.m */; };
		87B158182A55C40A002AD283 /* LCProgessViewUITestsLaunchTests.m in Sources */ = {isa = PBXBuildFile; fileRef = 87B158172A55C40A002AD283 /* LCProgessViewUITestsLaunchTests.m */; };
/* End PBXBuildFile section */

/* Begin PBXContainerItemProxy section */
		87B158082A55C40A002AD283 /* PBXContainerItemProxy */ = {
			isa = PBXContainerItemProxy;
			containerPortal = 87B157E12A55C404002AD283 /* Project object */;
			proxyType = 1;
			remoteGlobalIDString = 87B157E82A55C404002AD283;
			remoteInfo = LCProgessView;
		};
		87B158122A55C40A002AD283 /* PBXContainerItemProxy */ = {
			isa = PBXContainerItemProxy;
			containerPortal = 87B157E12A55C404002AD283 /* Project object */;
			proxyType = 1;
			remoteGlobalIDString = 87B157E82A55C404002AD283;
			remoteInfo = LCProgessView;
		};
/* End PBXContainerItemProxy section */

/* Begin PBXFileReference section */
		87B157E92A55C404002AD283 /* LCProgessView.app */ = {isa = PBXFileReference; explicitFileType = wrapper.application; includeInIndex = 0; path = LCProgessView.app; sourceTree = BUILT_PRODUCTS_DIR; };
		87B157EC2A55C404002AD283 /* AppDelegate.h */ = {isa = PBXFileReference; lastKnownFileType = sourcecode.c.h; path = AppDelegate.h; sourceTree = "<group>"; };
		87B157ED2A55C404002AD283 /* AppDelegate.m */ = {isa = PBXFileReference; lastKnownFileType = sourcecode.c.objc; path = AppDelegate.m; sourceTree = "<group>"; };
		87B157EF2A55C404002AD283 /* SceneDelegate.h */ = {isa = PBXFileReference; lastKnownFileType = sourcecode.c.h; path = SceneDelegate.h; sourceTree = "<group>"; };
		87B157F02A55C404002AD283 /* SceneDelegate.m */ = {isa = PBXFileReference; lastKnownFileType = sourcecode.c.objc; path = SceneDelegate.m; sourceTree = "<group>"; };
		87B157F22A55C404002AD283 /* ViewController.h */ = {isa = PBXFileReference; lastKnownFileType = sourcecode.c.h; path = ViewController.h; sourceTree = "<group>"; };
		87B157F32A55C404002AD283 /* ViewController.m */ = {isa = PBXFileReference; lastKnownFileType = sourcecode.c.objc; path = ViewController.m; sourceTree = "<group>"; };
		87B157F62A55C404002AD283 /* Base */ = {isa = PBXFileReference; lastKnownFileType = file.storyboard; name = Base; path = Base.lproj/Main.storyboard; sourceTree = "<group>"; };
		87B157F92A55C404002AD283 /* LCProgessView.xcdatamodel */ = {isa = PBXFileReference; lastKnownFileType = wrapper.xcdatamodel; path = LCProgessView.xcdatamodel; sourceTree = "<group>"; };
		87B157FB2A55C40A002AD283 /* Assets.xcassets */ = {isa = PBXFileReference; lastKnownFileType = folder.assetcatalog; path = Assets.xcassets; sourceTree = "<group>"; };
		87B157FE2A55C40A002AD283 /* Base */ = {isa = PBXFileReference; lastKnownFileType = file.storyboard; name = Base; path = Base.lproj/LaunchScreen.storyboard; sourceTree = "<group>"; };
		87B158002A55C40A002AD283 /* Info.plist */ = {isa = PBXFileReference; lastKnownFileType = text.plist.xml; path = Info.plist; sourceTree = "<group>"; };
		87B158012A55C40A002AD283 /* main.m */ = {isa = PBXFileReference; lastKnownFileType = sourcecode.c.objc; path = main.m; sourceTree = "<group>"; };
		87B158072A55C40A002AD283 /* LCProgessViewTests.xctest */ = {isa = PBXFileReference; explicitFileType = wrapper.cfbundle; includeInIndex = 0; path = LCProgessViewTests.xctest; sourceTree = BUILT_PRODUCTS_DIR; };
		87B1580B2A55C40A002AD283 /* LCProgessViewTests.m */ = {isa = PBXFileReference; lastKnownFileType = sourcecode.c.objc; path = LCProgessViewTests.m; sourceTree = "<group>"; };
		87B158112A55C40A002AD283 /* LCProgessViewUITests.xctest */ = {isa = PBXFileReference; explicitFileType = wrapper.cfbundle; includeInIndex = 0; path = LCProgessViewUITests.xctest; sourceTree = BUILT_PRODUCTS_DIR; };
		87B158152A55C40A002AD283 /* LCProgessViewUITests.m */ = {isa = PBXFileReference; lastKnownFileType = sourcecode.c.objc; path = LCProgessViewUITests.m; sourceTree = "<group>"; };
		87B158172A55C40A002AD283 /* LCProgessViewUITestsLaunchTests.m */ = {isa = PBXFileReference; lastKnownFileType = sourcecode.c.objc; path = LCProgessViewUITestsLaunchTests.m; sourceTree = "<group>"; };
/* End PBXFileReference section */

/* Begin PBXFrameworksBuildPhase section */
		87B157E62A55C404002AD283 /* Frameworks */ = {
			isa = PBXFrameworksBuildPhase;
			buildActionMask = 2147483647;
			files = (
			);
			runOnlyForDeploymentPostprocessing = 0;
		};
		87B158042A55C40A002AD283 /* Frameworks */ = {
			isa = PBXFrameworksBuildPhase;
			buildActionMask = 2147483647;
			files = (
			);
			runOnlyForDeploymentPostprocessing = 0;
		};
		87B1580E2A55C40A002AD283 /* Frameworks */ = {
			isa = PBXFrameworksBuildPhase;
			buildActionMask = 2147483647;
			files = (
			);
			runOnlyForDeploymentPostprocessing = 0;
		};
/* End PBXFrameworksBuildPhase section */

/* Begin PBXGroup section */
		87B157E02A55C404002AD283 = {
			isa = PBXGroup;
			children = (
				87B157EB2A55C404002AD283 /* LCProgessView */,
				87B1580A2A55C40A002AD283 /* LCProgessViewTests */,
				87B158142A55C40A002AD283 /* LCProgessViewUITests */,
				87B157EA2A55C404002AD283 /* Products */,
			);
			sourceTree = "<group>";
		};
		87B157EA2A55C404002AD283 /* Products */ = {
			isa = PBXGroup;
			children = (
				87B157E92A55C404002AD283 /* LCProgessView.app */,
				87B158072A55C40A002AD283 /* LCProgessViewTests.xctest */,
				87B158112A55C40A002AD283 /* LCProgessViewUITests.xctest */,
			);
			name = Products;
			sourceTree = "<group>";
		};
		87B157EB2A55C404002AD283 /* LCProgessView */ = {
			isa = PBXGroup;
			children = (
				87B157EC2A55C404002AD283 /* AppDelegate.h */,
				87B157ED2A55C404002AD283 /* AppDelegate.m */,
				87B157EF2A55C404002AD283 /* SceneDelegate.h */,
				87B157F02A55C404002AD283 /* SceneDelegate.m */,
				87B157F22A55C404002AD283 /* ViewController.h */,
				87B157F32A55C404002AD283 /* ViewController.m */,
				87B157F52A55C404002AD283 /* Main.storyboard */,
				87B157FB2A55C40A002AD283 /* Assets.xcassets */,
				87B157FD2A55C40A002AD283 /* LaunchScreen.storyboard */,
				87B158002A55C40A002AD283 /* Info.plist */,
				87B158012A55C40A002AD283 /* main.m */,
				87B157F82A55C404002AD283 /* LCProgessView.xcdatamodeld */,
			);
			path = LCProgessView;
			sourceTree = "<group>";
		};
		87B1580A2A55C40A002AD283 /* LCProgessViewTests */ = {
			isa = PBXGroup;
			children = (
				87B1580B2A55C40A002AD283 /* LCProgessViewTests.m */,
			);
			path = LCProgessViewTests;
			sourceTree = "<group>";
		};
		87B158142A55C40A002AD283 /* LCProgessViewUITests */ = {
			isa = PBXGroup;
			children = (
				87B158152A55C40A002AD283 /* LCProgessViewUITests.m */,
				87B158172A55C40A002AD283 /* LCProgessViewUITestsLaunchTests.m */,
			);
			path = LCProgessViewUITests;
			sourceTree = "<group>";
		};
/* End PBXGroup section */

/* Begin PBXNativeTarget section */
		87B157E82A55C404002AD283 /* LCProgessView */ = {
			isa = PBXNativeTarget;
			buildConfigurationList = 87B1581B2A55C40A002AD283 /* Build configuration list for PBXNativeTarget "LCProgessView" */;
			buildPhases = (
				87B157E52A55C404002AD283 /* Sources */,
				87B157E62A55C404002AD283 /* Frameworks */,
				87B157E72A55C404002AD283 /* Resources */,
			);
			buildRules = (
			);
			dependencies = (
			);
			name = LCProgessView;
			productName = LCProgessView;
			productReference = 87B157E92A55C404002AD283 /* LCProgessView.app */;
			productType = "com.apple.product-type.application";
		};
		87B158062A55C40A002AD283 /* LCProgessViewTests */ = {
			isa = PBXNativeTarget;
			buildConfigurationList = 87B1581E2A55C40A002AD283 /* Build configuration list for PBXNativeTarget "LCProgessViewTests" */;
			buildPhases = (
				87B158032A55C40A002AD283 /* Sources */,
				87B158042A55C40A002AD283 /* Frameworks */,
				87B158052A55C40A002AD283 /* Resources */,
			);
			buildRules = (
			);
			dependencies = (
				87B158092A55C40A002AD283 /* PBXTargetDependency */,
			);
			name = LCProgessViewTests;
			productName = LCProgessViewTests;
			productReference = 87B158072A55C40A002AD283 /* LCProgessViewTests.xctest */;
			productType = "com.apple.product-type.bundle.unit-test";
		};
		87B158102A55C40A002AD283 /* LCProgessViewUITests */ = {
			isa = PBXNativeTarget;
			buildConfigurationList = 87B158212A55C40A002AD283 /* Build configuration list for PBXNativeTarget "LCProgessViewUITests" */;
			buildPhases = (
				87B1580D2A55C40A002AD283 /* Sources */,
				87B1580E2A55C40A002AD283 /* Frameworks */,
				87B1580F2A55C40A002AD283 /* Resources */,
			);
			buildRules = (
			);
			dependencies = (
				87B158132A55C40A002AD283 /* PBXTargetDependency */,
			);
			name = LCProgessViewUITests;
			productName = LCProgessViewUITests;
			productReference = 87B158112A55C40A002AD283 /* LCProgessViewUITests.xctest */;
			productType = "com.apple.product-type.bundle.ui-testing";
		};
/* End PBXNativeTarget section */

/* Begin PBXProject section */
		87B157E12A55C404002AD283 /* Project object */ = {
			isa = PBXProject;
			attributes = {
				BuildIndependentTargetsInParallel = 1;
				LastUpgradeCheck = 1420;
				TargetAttributes = {
					87B157E82A55C404002AD283 = {
						CreatedOnToolsVersion = 14.2;
					};
					87B158062A55C40A002AD283 = {
						CreatedOnToolsVersion = 14.2;
						TestTargetID = 87B157E82A55C404002AD283;
					};
					87B158102A55C40A002AD283 = {
						CreatedOnToolsVersion = 14.2;
						TestTargetID = 87B157E82A55C404002AD283;
					};
				};
			};
			buildConfigurationList = 87B157E42A55C404002AD283 /* Build configuration list for PBXProject "LCProgessView" */;
			compatibilityVersion = "Xcode 14.0";
			developmentRegion = en;
			hasScannedForEncodings = 0;
			knownRegions = (
				en,
				Base,
			);
			mainGroup = 87B157E02A55C404002AD283;
			productRefGroup = 87B157EA2A55C404002AD283 /* Products */;
			projectDirPath = "";
			projectRoot = "";
			targets = (
				87B157E82A55C404002AD283 /* LCProgessView */,
				87B158062A55C40A002AD283 /* LCProgessViewTests */,
				87B158102A55C40A002AD283 /* LCProgessViewUITests */,
			);
		};
/* End PBXProject section */

/* Begin PBXResourcesBuildPhase section */
		87B157E72A55C404002AD283 /* Resources */ = {
			isa = PBXResourcesBuildPhase;
			buildActionMask = 2147483647;
			files = (
				87B157FF2A55C40A002AD283 /* LaunchScreen.storyboard in Resources */,
				87B157FC2A55C40A002AD283 /* Assets.xcassets in Resources */,
				87B157F72A55C404002AD283 /* Main.storyboard in Resources */,
			);
			runOnlyForDeploymentPostprocessing = 0;
		};
		87B158052A55C40A002AD283 /* Resources */ = {
			isa = PBXResourcesBuildPhase;
			buildActionMask = 2147483647;
			files = (
			);
			runOnlyForDeploymentPostprocessing = 0;
		};
		87B1580F2A55C40A002AD283 /* Resources */ = {
			isa = PBXResourcesBuildPhase;
			buildActionMask = 2147483647;
			files = (
			);
			runOnlyForDeploymentPostprocessing = 0;
		};
/* End PBXResourcesBuildPhase section */

/* Begin PBXSourcesBuildPhase section */
		87B157E52A55C404002AD283 /* Sources */ = {
			isa = PBXSourcesBuildPhase;
			buildActionMask = 2147483647;
			files = (
				87B158022A55C40A002AD283 /* main.m in Sources */,
				87B157F42A55C404002AD283 /* ViewController.m in Sources */,
				87B157EE2A55C404002AD283 /* AppDelegate.m in Sources */,
				87B157F12A55C404002AD283 /* SceneDelegate.m in Sources */,
				87B157FA2A55C404002AD283 /* LCProgessView.xcdatamodeld in Sources */,
			);
			runOnlyForDeploymentPostprocessing = 0;
		};
		87B158032A55C40A002AD283 /* Sources */ = {
			isa = PBXSourcesBuildPhase;
			buildActionMask = 2147483647;
			files = (
				87B1580C2A55C40A002AD283 /* LCProgessViewTests.m in Sources */,
			);
			runOnlyForDeploymentPostprocessing = 0;
		};
		87B1580D2A55C40A002AD283 /* Sources */ = {
			isa = PBXSourcesBuildPhase;
			buildActionMask = 2147483647;
			files = (
				87B158182A55C40A002AD283 /* LCProgessViewUITestsLaunchTests.m in Sources */,
				87B158162A55C40A002AD283 /* LCProgessViewUITests.m in Sources */,
			);
			runOnlyForDeploymentPostprocessing = 0;
		};
/* End PBXSourcesBuildPhase section */

/* Begin PBXTargetDependency section */
		87B158092A55C40A002AD283 /* PBXTargetDependency */ = {
			isa = PBXTargetDependency;
			target = 87B157E82A55C404002AD283 /* LCProgessView */;
			targetProxy = 87B158082A55C40A002AD283 /* PBXContainerItemProxy */;
		};
		87B158132A55C40A002AD283 /* PBXTargetDependency */ = {
			isa = PBXTargetDependency;
			target = 87B157E82A55C404002AD283 /* LCProgessView */;
			targetProxy = 87B158122A55C40A002AD283 /* PBXContainerItemProxy */;
		};
/* End PBXTargetDependency section */

/* Begin PBXVariantGroup section */
		87B157F52A55C404002AD283 /* Main.storyboard */ = {
			isa = PBXVariantGroup;
			children = (
				87B157F62A55C404002AD283 /* Base */,
			);
			name = Main.storyboard;
			sourceTree = "<group>";
		};
		87B157FD2A55C40A002AD283 /* LaunchScreen.storyboard */ = {
			isa = PBXVariantGroup;
			children = (
				87B157FE2A55C40A002AD283 /* Base */,
			);
			name = LaunchScreen.storyboard;
			sourceTree = "<group>";
		};
/* End PBXVariantGroup section */

/* Begin XCBuildConfiguration section */
		87B158192A55C40A002AD283 /* Debug */ = {
			isa = XCBuildConfiguration;
			buildSettings = {
				ALWAYS_SEARCH_USER_PATHS = NO;
				CLANG_ANALYZER_NONNULL = YES;
				CLANG_ANALYZER_NUMBER_OBJECT_CONVERSION = YES_AGGRESSIVE;
				CLANG_CXX_LANGUAGE_STANDARD = "gnu++20";
				CLANG_ENABLE_MODULES = YES;
				CLANG_ENABLE_OBJC_ARC = YES;
				CLANG_ENABLE_OBJC_WEAK = YES;
				CLANG_WARN_BLOCK_CAPTURE_AUTORELEASING = YES;
				CLANG_WARN_BOOL_CONVERSION = YES;
				CLANG_WARN_COMMA = YES;
				CLANG_WARN_CONSTANT_CONVERSION = YES;
				CLANG_WARN_DEPRECATED_OBJC_IMPLEMENTATIONS = YES;
				CLANG_WARN_DIRECT_OBJC_ISA_USAGE = YES_ERROR;
				CLANG_WARN_DOCUMENTATION_COMMENTS = YES;
				CLANG_WARN_EMPTY_BODY = YES;
				CLANG_WARN_ENUM_CONVERSION = YES;
				CLANG_WARN_INFINITE_RECURSION = YES;
				CLANG_WARN_INT_CONVERSION = YES;
				CLANG_WARN_NON_LITERAL_NULL_CONVERSION = YES;
				CLANG_WARN_OBJC_IMPLICIT_RETAIN_SELF = YES;
				CLANG_WARN_OBJC_LITERAL_CONVERSION = YES;
				CLANG_WARN_OBJC_ROOT_CLASS = YES_ERROR;
				CLANG_WARN_QUOTED_INCLUDE_IN_FRAMEWORK_HEADER = YES;
				CLANG_WARN_RANGE_LOOP_ANALYSIS = YES;
				CLANG_WARN_STRICT_PROTOTYPES = YES;
				CLANG_WARN_SUSPICIOUS_MOVE = YES;
				CLANG_WARN_UNGUARDED_AVAILABILITY = YES_AGGRESSIVE;
				CLANG_WARN_UNREACHABLE_CODE = YES;
				CLANG_WARN__DUPLICATE_METHOD_MATCH = YES;
				COPY_PHASE_STRIP = NO;
				DEBUG_INFORMATION_FORMAT = dwarf;
				ENABLE_STRICT_OBJC_MSGSEND = YES;
				ENABLE_TESTABILITY = YES;
				GCC_C_LANGUAGE_STANDARD = gnu11;
				GCC_DYNAMIC_NO_PIC = NO;
				GCC_NO_COMMON_BLOCKS = YES;
				GCC_OPTIMIZATION_LEVEL = 0;
				GCC_PREPROCESSOR_DEFINITIONS = (
					"DEBUG=1",
					"$(inherited)",
				);
				GCC_WARN_64_TO_32_BIT_CONVERSION = YES;
				GCC_WARN_ABOUT_RETURN_TYPE = YES_ERROR;
				GCC_WARN_UNDECLARED_SELECTOR = YES;
				GCC_WARN_UNINITIALIZED_AUTOS = YES_AGGRESSIVE;
				GCC_WARN_UNUSED_FUNCTION = YES;
				GCC_WARN_UNUSED_VARIABLE = YES;
				IPHONEOS_DEPLOYMENT_TARGET = 16.2;
				MTL_ENABLE_DEBUG_INFO = INCLUDE_SOURCE;
				MTL_FAST_MATH = YES;
				ONLY_ACTIVE_ARCH = YES;
				SDKROOT = iphoneos;
			};
			name = Debug;
		};
		87B1581A2A55C40A002AD283 /* Release */ = {
			isa = XCBuildConfiguration;
			buildSettings = {
				ALWAYS_SEARCH_USER_PATHS = NO;
				CLANG_ANALYZER_NONNULL = YES;
				CLANG_ANALYZER_NUMBER_OBJECT_CONVERSION = YES_AGGRESSIVE;
				CLANG_CXX_LANGUAGE_STANDARD = "gnu++20";
				CLANG_ENABLE_MODULES = YES;
				CLANG_ENABLE_OBJC_ARC = YES;
				CLANG_ENABLE_OBJC_WEAK = YES;
				CLANG_WARN_BLOCK_CAPTURE_AUTORELEASING = YES;
				CLANG_WARN_BOOL_CONVERSION = YES;
				CLANG_WARN_COMMA = YES;
				CLANG_WARN_CONSTANT_CONVERSION = YES;
				CLANG_WARN_DEPRECATED_OBJC_IMPLEMENTATIONS = YES;
				CLANG_WARN_DIRECT_OBJC_ISA_USAGE = YES_ERROR;
				CLANG_WARN_DOCUMENTATION_COMMENTS = YES;
				CLANG_WARN_EMPTY_BODY = YES;
				CLANG_WARN_ENUM_CONVERSION = YES;
				CLANG_WARN_INFINITE_RECURSION = YES;
				CLANG_WARN_INT_CONVERSION = YES;
				CLANG_WARN_NON_LITERAL_NULL_CONVERSION = YES;
				CLANG_WARN_OBJC_IMPLICIT_RETAIN_SELF = YES;
				CLANG_WARN_OBJC_LITERAL_CONVERSION = YES;
				CLANG_WARN_OBJC_ROOT_CLASS = YES_ERROR;
				CLANG_WARN_QUOTED_INCLUDE_IN_FRAMEWORK_HEADER = YES;
				CLANG_WARN_RANGE_LOOP_ANALYSIS = YES;
				CLANG_WARN_STRICT_PROTOTYPES = YES;
				CLANG_WARN_SUSPICIOUS_MOVE = YES;
				CLANG_WARN_UNGUARDED_AVAILABILITY = YES_AGGRESSIVE;
				CLANG_WARN_UNREACHABLE_CODE = YES;
				CLANG_WARN__DUPLICATE_METHOD_MATCH = YES;
				COPY_PHASE_STRIP = NO;
				DEBUG_INFORMATION_FORMAT = "dwarf-with-dsym";
				ENABLE_NS_ASSERTIONS = NO;
				ENABLE_STRICT_OBJC_MSGSEND = YES;
				GCC_C_LANGUAGE_STANDARD = gnu11;
				GCC_NO_COMMON_BLOCKS = YES;
				GCC_WARN_64_TO_32_BIT_CONVERSION = YES;
				GCC_WARN_ABOUT_RETURN_TYPE = YES_ERROR;
				GCC_WARN_UNDECLARED_SELECTOR = YES;
				GCC_WARN_UNINITIALIZED_AUTOS = YES_AGGRESSIVE;
				GCC_WARN_UNUSED_FUNCTION = YES;
				GCC_WARN_UNUSED_VARIABLE = YES;
				IPHONEOS_DEPLOYMENT_TARGET = 16.2;
				MTL_ENABLE_DEBUG_INFO = NO;
				MTL_FAST_MATH = YES;
				SDKROOT = iphoneos;
				VALIDATE_PRODUCT = YES;
			};
			name = Release;
		};
		87B1581C2A55C40A002AD283 /* Debug */ = {
			isa = XCBuildConfiguration;
			buildSettings = {
				ASSETCATALOG_COMPILER_APPICON_NAME = AppIcon;
				ASSETCATALOG_COMPILER_GLOBAL_ACCENT_COLOR_NAME = AccentColor;
				CODE_SIGN_STYLE = Automatic;
				CURRENT_PROJECT_VERSION = 1;
				DEVELOPMENT_TEAM = QHQD97388Q;
				GENERATE_INFOPLIST_FILE = YES;
				INFOPLIST_FILE = LCProgessView/Info.plist;
				INFOPLIST_KEY_UIApplicationSupportsIndirectInputEvents = YES;
				INFOPLIST_KEY_UILaunchStoryboardName = LaunchScreen;
				INFOPLIST_KEY_UIMainStoryboardFile = Main;
				INFOPLIST_KEY_UISupportedInterfaceOrientations_iPad = "UIInterfaceOrientationPortrait UIInterfaceOrientationPortraitUpsideDown UIInterfaceOrientationLandscapeLeft UIInterfaceOrientationLandscapeRight";
				INFOPLIST_KEY_UISupportedInterfaceOrientations_iPhone = "UIInterfaceOrientationPortrait UIInterfaceOrientationLandscapeLeft UIInterfaceOrientationLandscapeRight";
				LD_RUNPATH_SEARCH_PATHS = (
					"$(inherited)",
					"@executable_path/Frameworks",
				);
				MARKETING_VERSION = 1.0;
				PRODUCT_BUNDLE_IDENTIFIER = com.tigerfly.com.LCProgessView;
				PRODUCT_NAME = "$(TARGET_NAME)";
				SWIFT_EMIT_LOC_STRINGS = YES;
				TARGETED_DEVICE_FAMILY = "1,2";
			};
			name = Debug;
		};
		87B1581D2A55C40A002AD283 /* Release */ = {
			isa = XCBuildConfiguration;
			buildSettings = {
				ASSETCATALOG_COMPILER_APPICON_NAME = AppIcon;
				ASSETCATALOG_COMPILER_GLOBAL_ACCENT_COLOR_NAME = AccentColor;
				CODE_SIGN_STYLE = Automatic;
				CURRENT_PROJECT_VERSION = 1;
				DEVELOPMENT_TEAM = QHQD97388Q;
				GENERATE_INFOPLIST_FILE = YES;
				INFOPLIST_FILE = LCProgessView/Info.plist;
				INFOPLIST_KEY_UIApplicationSupportsIndirectInputEvents = YES;
				INFOPLIST_KEY_UILaunchStoryboardName = LaunchScreen;
				INFOPLIST_KEY_UIMainStoryboardFile = Main;
				INFOPLIST_KEY_UISupportedInterfaceOrientations_iPad = "UIInterfaceOrientationPortrait UIInterfaceOrientationPortraitUpsideDown UIInterfaceOrientationLandscapeLeft UIInterfaceOrientationLandscapeRight";
				INFOPLIST_KEY_UISupportedInterfaceOrientations_iPhone = "UIInterfaceOrientationPortrait UIInterfaceOrientationLandscapeLeft UIInterfaceOrientationLandscapeRight";
				LD_RUNPATH_SEARCH_PATHS = (
					"$(inherited)",
					"@executable_path/Frameworks",
				);
				MARKETING_VERSION = 1.0;
				PRODUCT_BUNDLE_IDENTIFIER = com.tigerfly.com.LCProgessView;
				PRODUCT_NAME = "$(TARGET_NAME)";
				SWIFT_EMIT_LOC_STRINGS = YES;
				TARGETED_DEVICE_FAMILY = "1,2";
			};
			name = Release;
		};
		87B1581F2A55C40A002AD283 /* Debug */ = {
			isa = XCBuildConfiguration;
			buildSettings = {
				BUNDLE_LOADER = "$(TEST_HOST)";
				CODE_SIGN_STYLE = Automatic;
				CURRENT_PROJECT_VERSION = 1;
				DEVELOPMENT_TEAM = QHQD97388Q;
				GENERATE_INFOPLIST_FILE = YES;
				IPHONEOS_DEPLOYMENT_TARGET = 16.2;
				MARKETING_VERSION = 1.0;
				PRODUCT_BUNDLE_IDENTIFIER = com.tigerfly.com.LCProgessViewTests;
				PRODUCT_NAME = "$(TARGET_NAME)";
				SWIFT_EMIT_LOC_STRINGS = NO;
				TARGETED_DEVICE_FAMILY = "1,2";
				TEST_HOST = "$(BUILT_PRODUCTS_DIR)/LCProgessView.app/$(BUNDLE_EXECUTABLE_FOLDER_PATH)/LCProgessView";
			};
			name = Debug;
		};
		87B158202A55C40A002AD283 /* Release */ = {
			isa = XCBuildConfiguration;
			buildSettings = {
				BUNDLE_LOADER = "$(TEST_HOST)";
				CODE_SIGN_STYLE = Automatic;
				CURRENT_PROJECT_VERSION = 1;
				DEVELOPMENT_TEAM = QHQD97388Q;
				GENERATE_INFOPLIST_FILE = YES;
				IPHONEOS_DEPLOYMENT_TARGET = 16.2;
				MARKETING_VERSION = 1.0;
				PRODUCT_BUNDLE_IDENTIFIER = com.tigerfly.com.LCProgessViewTests;
				PRODUCT_NAME = "$(TARGET_NAME)";
				SWIFT_EMIT_LOC_STRINGS = NO;
				TARGETED_DEVICE_FAMILY = "1,2";
				TEST_HOST = "$(BUILT_PRODUCTS_DIR)/LCProgessView.app/$(BUNDLE_EXECUTABLE_FOLDER_PATH)/LCProgessView";
			};
			name = Release;
		};
		87B158222A55C40A002AD283 /* Debug */ = {
			isa = XCBuildConfiguration;
			buildSettings = {
				CODE_SIGN_STYLE = Automatic;
				CURRENT_PROJECT_VERSION = 1;
				DEVELOPMENT_TEAM = QHQD97388Q;
				GENERATE_INFOPLIST_FILE = YES;
				MARKETING_VERSION = 1.0;
				PRODUCT_BUNDLE_IDENTIFIER = com.tigerfly.com.LCProgessViewUITests;
				PRODUCT_NAME = "$(TARGET_NAME)";
				SWIFT_EMIT_LOC_STRINGS = NO;
				TARGETED_DEVICE_FAMILY = "1,2";
				TEST_TARGET_NAME = LCProgessView;
			};
			name = Debug;
		};
		87B158232A55C40A002AD283 /* Release */ = {
			isa = XCBuildConfiguration;
			buildSettings = {
				CODE_SIGN_STYLE = Automatic;
				CURRENT_PROJECT_VERSION = 1;
				DEVELOPMENT_TEAM = QHQD97388Q;
				GENERATE_INFOPLIST_FILE = YES;
				MARKETING_VERSION = 1.0;
				PRODUCT_BUNDLE_IDENTIFIER = com.tigerfly.com.LCProgessViewUITests;
				PRODUCT_NAME = "$(TARGET_NAME)";
				SWIFT_EMIT_LOC_STRINGS = NO;
				TARGETED_DEVICE_FAMILY = "1,2";
				TEST_TARGET_NAME = LCProgessView;
			};
			name = Release;
		};
/* End XCBuildConfiguration section */

/* Begin XCConfigurationList section */
		87B157E42A55C404002AD283 /* Build configuration list for PBXProject "LCProgessView" */ = {
			isa = XCConfigurationList;
			buildConfigurations = (
				87B158192A55C40A002AD283 /* Debug */,
				87B1581A2A55C40A002AD283 /* Release */,
			);
			defaultConfigurationIsVisible = 0;
			defaultConfigurationName = Release;
		};
		87B1581B2A55C40A002AD283 /* Build configuration list for PBXNativeTarget "LCProgessView" */ = {
			isa = XCConfigurationList;
			buildConfigurations = (
				87B1581C2A55C40A002AD283 /* Debug */,
				87B1581D2A55C40A002AD283 /* Release */,
			);
			defaultConfigurationIsVisible = 0;
			defaultConfigurationName = Release;
		};
		87B1581E2A55C40A002AD283 /* Build configuration list for PBXNativeTarget "LCProgessViewTests" */ = {
			isa = XCConfigurationList;
			buildConfigurations = (
				87B1581F2A55C40A002AD283 /* Debug */,
				87B158202A55C40A002AD283 /* Release */,
			);
			defaultConfigurationIsVisible = 0;
			defaultConfigurationName = Release;
		};
		87B158212A55C40A002AD283 /* Build configuration list for PBXNativeTarget "LCProgessViewUITests" */ = {
			isa = XCConfigurationList;
			buildConfigurations = (
				87B158222A55C40A002AD283 /* Debug */,
				87B158232A55C40A002AD283 /* Release */,
			);
			defaultConfigurationIsVisible = 0;
			defaultConfigurationName = Release;
		};
/* End XCConfigurationList section */

/* Begin XCVersionGroup section */
		87B157F82A55C404002AD283 /* LCProgessView.xcdatamodeld */ = {
			isa = XCVersionGroup;
			children = (
				87B157F92A55C404002AD283 /* LCProgessView.xcdatamodel */,
			);
			currentVersion = 87B157F92A55C404002AD283 /* LCProgessView.xcdatamodel */;
			path = LCProgessView.xcdatamodeld;
			sourceTree = "<group>";
			versionGroupType = wrapper.xcdatamodel;
		};
/* End XCVersionGroup section */
	};
	rootObject = 87B157E12A55C404002AD283 /* Project object */;
}
